
Microsoft Visual Studio Solution File, Format Version 12.00
# Visual Studio 15
VisualStudioVersion = 15.0.27729.1
MinimumVisualStudioVersion = 10.0.40219.1
Project("{6EC3EE1D-3C4E-46DD-8F32-0CC8E7565705}") = "OrangeBugFSharp", "OrangeBugFSharp\OrangeBugFSharp.fsproj", "{BFF8CF5B-139A-461B-8613-C0D4583F523D}"
EndProject
Project("{6EC3EE1D-3C4E-46DD-8F32-0CC8E7565705}") = "OrangeBugFSharp.Web", "OrangeBugFSharp.Web\OrangeBugFSharp.Web.fsproj", "{721475BD-AB42-4857-B749-CD41961C68A9}"
EndProject
Project("{6EC3EE1D-3C4E-46DD-8F32-0CC8E7565705}") = "OrangeBugFSharp.ConsoleClient", "OrangeBugFSharp.ConsoleClient\OrangeBugFSharp.ConsoleClient.fsproj", "{4EFB3B7E-5F45-4CBB-A306-2DFB087F721D}"
EndProject
Project("{6EC3EE1D-3C4E-46DD-8F32-0CC8E7565705}") = "OrangeBugFSharp.DesktopClient", "OrangeBugFSharp.DesktopClient\OrangeBugFSharp.DesktopClient.fsproj", "{2E33247A-9626-4CCC-B7A6-3F73671B689D}"
EndProject
Global
	GlobalSection(SolutionConfigurationPlatforms) = preSolution
		Debug|Any CPU = Debug|Any CPU
		Debug|ARM = Debug|ARM
		Debug|x64 = Debug|x64
		Debug|x86 = Debug|x86
		Release|Any CPU = Release|Any CPU
		Release|ARM = Release|ARM
		Release|x64 = Release|x64
		Release|x86 = Release|x86
	EndGlobalSection
	GlobalSection(ProjectConfigurationPlatforms) = postSolution
		{BFF8CF5B-139A-461B-8613-C0D4583F523D}.Debug|Any CPU.ActiveCfg = Debug|Any CPU
		{BFF8CF5B-139A-461B-8613-C0D4583F523D}.Debug|Any CPU.Build.0 = Debug|Any CPU
		{BFF8CF5B-139A-461B-8613-C0D4583F523D}.Debug|ARM.ActiveCfg = Debug|Any CPU
		{BFF8CF5B-139A-461B-8613-C0D4583F523D}.Debug|ARM.Build.0 = Debug|Any CPU
		{BFF8CF5B-139A-461B-8613-C0D4583F523D}.Debug|x64.ActiveCfg = Debug|Any CPU
		{BFF8CF5B-139A-461B-8613-C0D4583F523D}.Debug|x64.Build.0 = Debug|Any CPU
		{BFF8CF5B-139A-461B-8613-C0D4583F523D}.Debug|x86.ActiveCfg = Debug|Any CPU
		{BFF8CF5B-139A-461B-8613-C0D4583F523D}.Debug|x86.Build.0 = Debug|Any CPU
		{BFF8CF5B-139A-461B-8613-C0D4583F523D}.Release|Any CPU.ActiveCfg = Release|Any CPU
		{BFF8CF5B-139A-461B-8613-C0D4583F523D}.Release|Any CPU.Build.0 = Release|Any CPU
		{BFF8CF5B-139A-461B-8613-C0D4583F523D}.Release|ARM.ActiveCfg = Release|Any CPU
		{BFF8CF5B-139A-461B-8613-C0D4583F523D}.Release|ARM.Build.0 = Release|Any CPU
		{BFF8CF5B-139A-461B-8613-C0D4583F523D}.Release|x64.ActiveCfg = Release|Any CPU
		{BFF8CF5B-139A-461B-8613-C0D4583F523D}.Release|x64.Build.0 = Release|Any CPU
		{BFF8CF5B-139A-461B-8613-C0D4583F523D}.Release|x86.ActiveCfg = Release|Any CPU
		{BFF8CF5B-139A-461B-8613-C0D4583F523D}.Release|x86.Build.0 = Release|Any CPU
		{721475BD-AB42-4857-B749-CD41961C68A9}.Debug|Any CPU.ActiveCfg = Debug|Any CPU
		{721475BD-AB42-4857-B749-CD41961C68A9}.Debug|Any CPU.Build.0 = Debug|Any CPU
		{721475BD-AB42-4857-B749-CD41961C68A9}.Debug|ARM.ActiveCfg = Debug|Any CPU
		{721475BD-AB42-4857-B749-CD41961C68A9}.Debug|ARM.Build.0 = Debug|Any CPU
		{721475BD-AB42-4857-B749-CD41961C68A9}.Debug|x64.ActiveCfg = Debug|Any CPU
		{721475BD-AB42-4857-B749-CD41961C68A9}.Debug|x64.Build.0 = Debug|Any CPU
		{721475BD-AB42-4857-B749-CD41961C68A9}.Debug|x86.ActiveCfg = Debug|Any CPU
		{721475BD-AB42-4857-B749-CD41961C68A9}.Debug|x86.Build.0 = Debug|Any CPU
		{721475BD-AB42-4857-B749-CD41961C68A9}.Release|Any CPU.ActiveCfg = Release|Any CPU
		{721475BD-AB42-4857-B749-CD41961C68A9}.Release|Any CPU.Build.0 = Release|Any CPU
		{721475BD-AB42-4857-B749-CD41961C68A9}.Release|ARM.ActiveCfg = Release|Any CPU
		{721475BD-AB42-4857-B749-CD41961C68A9}.Release|ARM.Build.0 = Release|Any CPU
		{721475BD-AB42-4857-B749-CD41961C68A9}.Release|x64.ActiveCfg = Release|Any CPU
		{721475BD-AB42-4857-B749-CD41961C68A9}.Release|x64.Build.0 = Release|Any CPU
		{721475BD-AB42-4857-B749-CD41961C68A9}.Release|x86.ActiveCfg = Release|Any CPU
		{721475BD-AB42-4857-B749-CD41961C68A9}.Release|x86.Build.0 = Release|Any CPU
		{4EFB3B7E-5F45-4CBB-A306-2DFB087F721D}.Debug|Any CPU.ActiveCfg = Debug|Any CPU
		{4EFB3B7E-5F45-4CBB-A306-2DFB087F721D}.Debug|Any CPU.Build.0 = Debug|Any CPU
		{4EFB3B7E-5F45-4CBB-A306-2DFB087F721D}.Debug|ARM.ActiveCfg = Debug|Any CPU
		{4EFB3B7E-5F45-4CBB-A306-2DFB087F721D}.Debug|ARM.Build.0 = Debug|Any CPU
		{4EFB3B7E-5F45-4CBB-A306-2DFB087F721D}.Debug|x64.ActiveCfg = Debug|Any CPU
		{4EFB3B7E-5F45-4CBB-A306-2DFB087F721D}.Debug|x64.Build.0 = Debug|Any CPU
		{4EFB3B7E-5F45-4CBB-A306-2DFB087F721D}.Debug|x86.ActiveCfg = Debug|Any CPU
		{4EFB3B7E-5F45-4CBB-A306-2DFB087F721D}.Debug|x86.Build.0 = Debug|Any CPU
		{4EFB3B7E-5F45-4CBB-A306-2DFB087F721D}.Release|Any CPU.ActiveCfg = Release|Any CPU
		{4EFB3B7E-5F45-4CBB-A306-2DFB087F721D}.Release|Any CPU.Build.0 = Release|Any CPU
		{4EFB3B7E-5F45-4CBB-A306-2DFB087F721D}.Release|ARM.ActiveCfg = Release|Any CPU
		{4EFB3B7E-5F45-4CBB-A306-2DFB087F721D}.Release|ARM.Build.0 = Release|Any CPU
		{4EFB3B7E-5F45-4CBB-A306-2DFB087F721D}.Release|x64.ActiveCfg = Release|Any CPU
		{4EFB3B7E-5F45-4CBB-A306-2DFB087F721D}.Release|x64.Build.0 = Release|Any CPU
		{4EFB3B7E-5F45-4CBB-A306-2DFB087F721D}.Release|x86.ActiveCfg = Release|Any CPU
		{4EFB3B7E-5F45-4CBB-A306-2DFB087F721D}.Release|x86.Build.0 = Release|Any CPU
		{2E33247A-9626-4CCC-B7A6-3F73671B689D}.Debug|Any CPU.ActiveCfg = Debug|Any CPU
		{2E33247A-9626-4CCC-B7A6-3F73671B689D}.Debug|Any CPU.Build.0 = Debug|Any CPU
		{2E33247A-9626-4CCC-B7A6-3F73671B689D}.Debug|ARM.ActiveCfg = Debug|Any CPU
		{2E33247A-9626-4CCC-B7A6-3F73671B689D}.Debug|ARM.Build.0 = Debug|Any CPU
		{2E33247A-9626-4CCC-B7A6-3F73671B689D}.Debug|x64.ActiveCfg = Debug|Any CPU
		{2E33247A-9626-4CCC-B7A6-3F73671B689D}.Debug|x64.Build.0 = Debug|Any CPU
		{2E33247A-9626-4CCC-B7A6-3F73671B689D}.Debug|x86.ActiveCfg = Debug|Any CPU
		{2E33247A-9626-4CCC-B7A6-3F73671B689D}.Debug|x86.Build.0 = Debug|Any CPU
		{2E33247A-9626-4CCC-B7A6-3F73671B689D}.Release|Any CPU.ActiveCfg = Release|Any CPU
		{2E33247A-9626-4CCC-B7A6-3F73671B689D}.Release|Any CPU.Build.0 = Release|Any CPU
		{2E33247A-9626-4CCC-B7A6-3F73671B689D}.Release|ARM.ActiveCfg = Release|Any CPU
		{2E33247A-9626-4CCC-B7A6-3F73671B689D}.Release|ARM.Build.0 = Release|Any CPU
		{2E33247A-9626-4CCC-B7A6-3F73671B689D}.Release|x64.ActiveCfg = Release|Any CPU
		{2E33247A-9626-4CCC-B7A6-3F73671B689D}.Release|x64.Build.0 = Release|Any CPU
		{2E33247A-9626-4CCC-B7A6-3F73671B689D}.Release|x86.ActiveCfg = Release|Any CPU
		{2E33247A-9626-4CCC-B7A6-3F73671B689D}.Release|x86.Build.0 = Release|Any CPU
	EndGlobalSection
	GlobalSection(SolutionProperties) = preSolution
		HideSolutionNode = FALSE
	EndGlobalSection
	GlobalSection(ExtensibilityGlobals) = postSolution
		SolutionGuid = {6A79B1E6-3DBA-4DAE-ADA8-B2CD312B74FF}
	EndGlobalSection
EndGlobal
